[[package]]
name = "click"
version = "8.0.3"
description = "Composable command line interface toolkit"
category = "main"
optional = false
python-versions = ">=3.6"

[package.dependencies]
colorama = {version = "*", markers = "platform_system == \"Windows\""}

[[package]]
name = "colorama"
version = "0.4.4"
description = "Cross-platform colored terminal text."
category = "main"
optional = false
python-versions = ">=2.7, !=3.0.*, !=3.1.*, !=3.2.*, !=3.3.*, !=3.4.*"

[[package]]
name = "faker"
version = "10.0.0"
description = "Faker is a Python package that generates fake data for you."
category = "dev"
optional = false
python-versions = ">=3.6"

[package.dependencies]
python-dateutil = ">=2.4"
text-unidecode = "1.3"

[[package]]
name = "peewee"
version = "3.14.8"
description = "a little orm"
category = "main"
optional = false
python-versions = "*"

[[package]]
name = "peewee-moves"
version = "2.1.0"
description = "Simple and flexible migration manager for Peewee ORM."
category = "main"
optional = false
python-versions = "*"

[package.dependencies]
click = ">=2.0"
peewee = ">=3.0,<4"

[[package]]
name = "pendulum"
version = "2.1.2"
description = "Python datetimes made easy"
category = "main"
optional = false
python-versions = ">=2.7, !=3.0.*, !=3.1.*, !=3.2.*, !=3.3.*, !=3.4.*"

[package.dependencies]
python-dateutil = ">=2.6,<3.0"
pytzdata = ">=2020.1"

[[package]]
name = "psycopg2-binary"
version = "2.9.2"
description = "psycopg2 - Python-PostgreSQL Database Adapter"
category = "main"
optional = false
python-versions = ">=3.6"

[[package]]
name = "python-dateutil"
version = "2.8.2"
description = "Extensions to the standard Python datetime module"
category = "main"
optional = false
python-versions = "!=3.0.*,!=3.1.*,!=3.2.*,>=2.7"

[package.dependencies]
six = ">=1.5"

[[package]]
name = "pytzdata"
version = "2020.1"
description = "The Olson timezone database for Python."
category = "main"
optional = false
python-versions = ">=2.7, !=3.0.*, !=3.1.*, !=3.2.*, !=3.3.*"

[[package]]
name = "six"
version = "1.16.0"
description = "Python 2 and 3 compatibility utilities"
category = "main"
optional = false
python-versions = ">=2.7, !=3.0.*, !=3.1.*, !=3.2.*"

[[package]]
name = "text-unidecode"
version = "1.3"
description = "The most basic Text::Unidecode port"
category = "dev"
optional = false
python-versions = "*"

[[package]]
name = "tornado"
version = "6.1"
description = "Tornado is a Python web framework and asynchronous networking library, originally developed at FriendFeed."
category = "main"
optional = false
python-versions = ">= 3.5"

[metadata]
lock-version = "1.1"
python-versions = "^3.8"
content-hash = "aa7d1dc7b370460e7b8df3309eb273ef26604eee8e79ac44219098d524d6878b"

[metadata.files]
click = [
    {file = "click-8.0.3-py3-none-any.whl", hash = "sha256:353f466495adaeb40b6b5f592f9f91cb22372351c84caeb068132442a4518ef3"},
    {file = "click-8.0.3.tar.gz", hash = "sha256:410e932b050f5eed773c4cda94de75971c89cdb3155a72a0831139a79e5ecb5b"},
]
colorama = [
    {file = "colorama-0.4.4-py2.py3-none-any.whl", hash = "sha256:9f47eda37229f68eee03b24b9748937c7dc3868f906e8ba69fbcbdd3bc5dc3e2"},
    {file = "colorama-0.4.4.tar.gz", hash = "sha256:5941b2b48a20143d2267e95b1c2a7603ce057ee39fd88e7329b0c292aa16869b"},
]
faker = [
    {file = "Faker-10.0.0-py3-none-any.whl", hash = "sha256:3163c84866cf118ac5329a802e046b0f729528ce62ebb2806b626e0badbb6ff3"},
    {file = "Faker-10.0.0.tar.gz", hash = "sha256:530690ad12a2a054071af95fc8a354c5fd57b5e7707053a9662f40f14a87b68e"},
]
peewee = [
    {file = "peewee-3.14.8.tar.gz", hash = "sha256:01bd7f734defb08d7a3346a0c0ca7011bc8d0d685934ec0e001b3371d522ec53"},
]
peewee-moves = [
    {file = "peewee-moves-2.1.0.tar.gz", hash = "sha256:01b8764243cdba861566789c6a1a3626ef9b91a434b2dac47553c195eeda321e"},
    {file = "peewee_moves-2.1.0-py2.py3-none-any.whl", hash = "sha256:a2d77baa1aa081ae3cc20f57171dd343fc3127cc6e200eb8f0913f34840959ea"},
]
pendulum = [
    {file = "pendulum-2.1.2-cp27-cp27m-macosx_10_15_x86_64.whl", hash = "sha256:b6c352f4bd32dff1ea7066bd31ad0f71f8d8100b9ff709fb343f3b86cee43efe"},
    {file = "pendulum-2.1.2-cp27-cp27m-win_amd64.whl", hash = "sha256:318f72f62e8e23cd6660dbafe1e346950281a9aed144b5c596b2ddabc1d19739"},
    {file = "pendulum-2.1.2-cp35-cp35m-macosx_10_15_x86_64.whl", hash = "sha256:0731f0c661a3cb779d398803655494893c9f581f6488048b3fb629c2342b5394"},
    {file = "pendulum-2.1.2-cp35-cp35m-manylinux1_i686.whl", hash = "sha256:3481fad1dc3f6f6738bd575a951d3c15d4b4ce7c82dce37cf8ac1483fde6e8b0"},
    {file = "pendulum-2.1.2-cp35-cp35m-manylinux1_x86_64.whl", hash = "sha256:9702069c694306297ed362ce7e3c1ef8404ac8ede39f9b28b7c1a7ad8c3959e3"},
    {file = "pendulum-2.1.2-cp35-cp35m-win_amd64.whl", hash = "sha256:fb53ffa0085002ddd43b6ca61a7b34f2d4d7c3ed66f931fe599e1a531b42af9b"},
    {file = "pendulum-2.1.2-cp36-cp36m-macosx_10_15_x86_64.whl", hash = "sha256:c501749fdd3d6f9e726086bf0cd4437281ed47e7bca132ddb522f86a1645d360"},
    {file = "pendulum-2.1.2-cp36-cp36m-manylinux1_i686.whl", hash = "sha256:c807a578a532eeb226150d5006f156632df2cc8c5693d778324b43ff8c515dd0"},
    {file = "pendulum-2.1.2-cp36-cp36m-manylinux1_x86_64.whl", hash = "sha256:2d1619a721df661e506eff8db8614016f0720ac171fe80dda1333ee44e684087"},
    {file = "pendulum-2.1.2-cp36-cp36m-win_amd64.whl", hash = "sha256:f888f2d2909a414680a29ae74d0592758f2b9fcdee3549887779cd4055e975db"},
    {file = "pendulum-2.1.2-cp37-cp37m-macosx_10_15_x86_64.whl", hash = "sha256:e95d329384717c7bf627bf27e204bc3b15c8238fa8d9d9781d93712776c14002"},
    {file = "pendulum-2.1.2-cp37-cp37m-manylinux1_i686.whl", hash = "sha256:4c9c689747f39d0d02a9f94fcee737b34a5773803a64a5fdb046ee9cac7442c5"},
    {file = "pendulum-2.1.2-cp37-cp37m-manylinux1_x86_64.whl", hash = "sha256:1245cd0075a3c6d889f581f6325dd8404aca5884dea7223a5566c38aab94642b"},
    {file = "pendulum-2.1.2-cp37-cp37m-win_amd64.whl", hash = "sha256:db0a40d8bcd27b4fb46676e8eb3c732c67a5a5e6bfab8927028224fbced0b40b"},
    {file = "pendulum-2.1.2-cp38-cp38-macosx_10_15_x86_64.whl", hash = "sha256:f5e236e7730cab1644e1b87aca3d2ff3e375a608542e90fe25685dae46310116"},
    {file = "pendulum-2.1.2-cp38-cp38-manylinux1_i686.whl", hash = "sha256:de42ea3e2943171a9e95141f2eecf972480636e8e484ccffaf1e833929e9e052"},
    {file = "pendulum-2.1.2-cp38-cp38-manylinux1_x86_64.whl", hash = "sha256:7c5ec650cb4bec4c63a89a0242cc8c3cebcec92fcfe937c417ba18277d8560be"},
    {file = "pendulum-2.1.2-cp38-cp38-win_amd64.whl", hash = "sha256:33fb61601083f3eb1d15edeb45274f73c63b3c44a8524703dc143f4212bf3269"},
    {file = "pendulum-2.1.2-cp39-cp39-manylinux1_i686.whl", hash = "sha256:29c40a6f2942376185728c9a0347d7c0f07905638c83007e1d262781f1e6953a"},
    {file = "pendulum-2.1.2-cp39-cp39-manylinux1_x86_64.whl", hash = "sha256:94b1fc947bfe38579b28e1cccb36f7e28a15e841f30384b5ad6c5e31055c85d7"},
    {file = "pendulum-2.1.2.tar.gz", hash = "sha256:b06a0ca1bfe41c990bbf0c029f0b6501a7f2ec4e38bfec730712015e8860f207"},
]
psycopg2-binary = [
    {file = "psycopg2-binary-2.9.2.tar.gz", hash = "sha256:234b1f48488b2f86aac04fb00cb04e5e9bcb960f34fa8a8e41b73149d581a93b"},
    {file = "psycopg2_binary-2.9.2-cp310-cp310-macosx_10_14_x86_64.macosx_10_9_intel.macosx_10_9_x86_64.macosx_10_10_intel.macosx_10_10_x86_64.whl", hash = "sha256:c0e1fb7097ded2cc44d9037cfc68ad86a30341261492e7de95d180e534969fb2"},
    {file = "psycopg2_binary-2.9.2-cp310-cp310-manylinux_2_17_i686.manylinux2014_i686.whl", hash = "sha256:717525cdc97b23182ff6f470fb5bf6f0bc796b5a7000c6f6699d6679991e4a5e"},
    {file = "psycopg2_binary-2.9.2-cp310-cp310-manylinux_2_17_x86_64.manylinux2014_x86_64.whl", hash = "sha256:3865d0cd919349c45603bd7e80249a382c5ecf8106304cfd153282adf9684b6a"},
    {file = "psycopg2_binary-2.9.2-cp310-cp310-manylinux_2_24_aarch64.whl", hash = "sha256:daf6b5c62eb738872d61a1fa740d7768904911ba5a7e055ed72169d379b58beb"},
    {file = "psycopg2_binary-2.9.2-cp310-cp310-manylinux_2_24_ppc64le.whl", hash = "sha256:3ac83656ff4fbe7f2a956ab085e3eb1d678df54759965d509bdd6a06ce520d49"},
    {file = "psycopg2_binary-2.9.2-cp310-cp310-win32.whl", hash = "sha256:a04cfa231e7d9b63639e62166a4051cb47ca599fa341463fa3e1c48585fcee64"},
    {file = "psycopg2_binary-2.9.2-cp310-cp310-win_amd64.whl", hash = "sha256:c6e16e085fe6dc6c099ee0be56657aa9ad71027465ef9591d302ba230c404c7e"},
    {file = "psycopg2_binary-2.9.2-cp36-cp36m-macosx_10_14_x86_64.macosx_10_9_intel.macosx_10_9_x86_64.macosx_10_10_intel.macosx_10_10_x86_64.whl", hash = "sha256:53912199abb626a7249c662e72b70b4f57bf37f840599cec68625171435790dd"},
    {file = "psycopg2_binary-2.9.2-cp36-cp36m-manylinux_2_17_i686.manylinux2014_i686.whl", hash = "sha256:029e09a892b9ebc3c77851f69ce0720e1b72a9c6850460cee49b14dfbf9ccdd2"},
    {file = "psycopg2_binary-2.9.2-cp36-cp36m-manylinux_2_17_x86_64.manylinux2014_x86_64.whl", hash = "sha256:db1b03c189f85b8df29030ad32d521dd7dcb862fd5f8892035314f5b886e70ce"},
    {file = "psycopg2_binary-2.9.2-cp36-cp36m-manylinux_2_24_aarch64.whl", hash = "sha256:2eecbdc5fa5886f2dd6cc673ce4291cc0fb8900965315268960ad9c2477f8276"},
    {file = "psycopg2_binary-2.9.2-cp36-cp36m-manylinux_2_24_ppc64le.whl", hash = "sha256:a77e98c68b0e6c51d4d6a994d22b30e77276cbd33e4aabdde03b9ad3a2c148aa"},
    {file = "psycopg2_binary-2.9.2-cp36-cp36m-win32.whl", hash = "sha256:bf31e6fdb4ec1f6d98a07f48836508ed6edd19b48b13bbf168fbc1bd014b4ca2"},
    {file = "psycopg2_binary-2.9.2-cp36-cp36m-win_amd64.whl", hash = "sha256:f9c37ecb173d76cf49e519133fd70851b8f9c38b6b8c1cb7fcfc71368d4cc6fc"},
    {file = "psycopg2_binary-2.9.2-cp37-cp37m-macosx_10_14_x86_64.macosx_10_9_intel.macosx_10_9_x86_64.macosx_10_10_intel.macosx_10_10_x86_64.whl", hash = "sha256:a507db7758953b1b170c4310691a1a89877029b1e11b08ba5fc8ae3ddb35596b"},
    {file = "psycopg2_binary-2.9.2-cp37-cp37m-manylinux_2_17_i686.manylinux2014_i686.whl", hash = "sha256:2e4bbcfb403221ea1953f3e0a85cef00ed15c1683a66cf35c956a7e37c33a4c4"},
    {file = "psycopg2_binary-2.9.2-cp37-cp37m-manylinux_2_17_x86_64.manylinux2014_x86_64.whl", hash = "sha256:f4dff0f15af6936c6fe6da7067b4216edbbe076ad8625da819cc066591b1133c"},
    {file = "psycopg2_binary-2.9.2-cp37-cp37m-manylinux_2_24_aarch64.whl", hash = "sha256:8d2aafe46eb87742425ece38130510fbb035787ee89a329af299029c4d9ae318"},
    {file = "psycopg2_binary-2.9.2-cp37-cp37m-manylinux_2_24_ppc64le.whl", hash = "sha256:37c8f00f7a2860bac9f7a54f03c243fc1dd9b367e5b2b52f5a02e5f4e9d8c49b"},
    {file = "psycopg2_binary-2.9.2-cp37-cp37m-win32.whl", hash = "sha256:ef97578fab5115e3af4334dd3376dea3c3a79328a3314b21ec7ced02920b916d"},
    {file = "psycopg2_binary-2.9.2-cp37-cp37m-win_amd64.whl", hash = "sha256:7e6bd4f532c2cd297b81114526176b240109a1c52020adca69c3f3226c65dc18"},
    {file = "psycopg2_binary-2.9.2-cp38-cp38-macosx_10_14_x86_64.macosx_10_9_intel.macosx_10_9_x86_64.macosx_10_10_intel.macosx_10_10_x86_64.whl", hash = "sha256:eeee7b18c51d02e49bf1984d7af26e8843fe68e31fa1cbab5366ebdfa1c89ade"},
    {file = "psycopg2_binary-2.9.2-cp38-cp38-manylinux_2_17_i686.manylinux2014_i686.whl", hash = "sha256:497372cc76e6cbce2f51b37be141f360a321423c03eb9be45524b1d123f4cd11"},
    {file = "psycopg2_binary-2.9.2-cp38-cp38-manylinux_2_17_x86_64.manylinux2014_x86_64.whl", hash = "sha256:5671699aff57d22a245b7f4bba89e3de97dc841c5e98bd7f685429b2b20eca47"},
    {file = "psycopg2_binary-2.9.2-cp38-cp38-manylinux_2_24_aarch64.whl", hash = "sha256:b9d45374ba98c1184df9cce93a0b766097544f8bdfcd5de83ff10f939c193125"},
    {file = "psycopg2_binary-2.9.2-cp38-cp38-manylinux_2_24_ppc64le.whl", hash = "sha256:a1852c5bef7e5f52bd43fde5eda610d4df0fb2efc31028150933e84b4140d47a"},
    {file = "psycopg2_binary-2.9.2-cp38-cp38-win32.whl", hash = "sha256:108b0380969ddab7c8ef2a813a57f87b308b2f88ec15f1a1e7b653964a3cfb25"},
    {file = "psycopg2_binary-2.9.2-cp38-cp38-win_amd64.whl", hash = "sha256:14427437117f38e65f71db65d8eafd0e86837be456567798712b8da89db2b2dd"},
    {file = "psycopg2_binary-2.9.2-cp39-cp39-macosx_10_14_x86_64.macosx_10_9_intel.macosx_10_9_x86_64.macosx_10_10_intel.macosx_10_10_x86_64.whl", hash = "sha256:578c279cd1ce04f05ae0912530ece00bab92854911808e5aec27588aba87e361"},
    {file = "psycopg2_binary-2.9.2-cp39-cp39-manylinux_2_17_i686.manylinux2014_i686.whl", hash = "sha256:4c2dea4deac3dd3687e32daeb0712ee96c535970dfdded37a11de6a21145ab0e"},
    {file = "psycopg2_binary-2.9.2-cp39-cp39-manylinux_2_17_x86_64.manylinux2014_x86_64.whl", hash = "sha256:b592f09ff18cfcc9037b9a976fcd62db48cae9dbd5385f2471d4c2ba40c52b4d"},
    {file = "psycopg2_binary-2.9.2-cp39-cp39-manylinux_2_24_aarch64.whl", hash = "sha256:3a320e7a804f3886a599fea507364aaafbb8387027fffcdfbd34d96316c806c7"},
    {file = "psycopg2_binary-2.9.2-cp39-cp39-manylinux_2_24_ppc64le.whl", hash = "sha256:7585ca73dcfe326f31fafa8f96e6bb98ea9e9e46c7a1924ec8101d797914ae27"},
    {file = "psycopg2_binary-2.9.2-cp39-cp39-win32.whl", hash = "sha256:9c0aaad07941419926b9bd00171e49fe6b06e42e5527fb91671e137fe6c93d77"},
    {file = "psycopg2_binary-2.9.2-cp39-cp39-win_amd64.whl", hash = "sha256:aa2847d8073951dbc84c4f8b32c620764db3c2eb0d99a04835fecfab7d04816e"},
]
python-dateutil = [
    {file = "python-dateutil-2.8.2.tar.gz", hash = "sha256:0123cacc1627ae19ddf3c27a5de5bd67ee4586fbdd6440d9748f8abb483d3e86"},
    {file = "python_dateutil-2.8.2-py2.py3-none-any.whl", hash = "sha256:961d03dc3453ebbc59dbdea9e4e11c5651520a876d0f4db161e8674aae935da9"},
]
pytzdata = [
    {file = "pytzdata-2020.1-py2.py3-none-any.whl", hash = "sha256:e1e14750bcf95016381e4d472bad004eef710f2d6417240904070b3d6654485f"},
    {file = "pytzdata-2020.1.tar.gz", hash = "sha256:3efa13b335a00a8de1d345ae41ec78dd11c9f8807f522d39850f2dd828681540"},
]
six = [
    {file = "six-1.16.0-py2.py3-none-any.whl", hash = "sha256:8abb2f1d86890a2dfb989f9a77cfcfd3e47c2a354b01111771326f8aa26e0254"},
    {file = "six-1.16.0.tar.gz", hash = "sha256:1e61c37477a1626458e36f7b1d82aa5c9b094fa4802892072e49de9c60c4c926"},
]
text-unidecode = [
    {file = "text-unidecode-1.3.tar.gz", hash = "sha256:bad6603bb14d279193107714b288be206cac565dfa49aa5b105294dd5c4aab93"},
    {file = "text_unidecode-1.3-py2.py3-none-any.whl", hash = "sha256:1311f10e8b895935241623731c2ba64f4c455287888b18189350b67134a822e8"},
]
tornado = [
    {file = "tornado-6.1-cp35-cp35m-macosx_10_9_x86_64.whl", hash = "sha256:d371e811d6b156d82aa5f9a4e08b58debf97c302a35714f6f45e35139c332e32"},
    {file = "tornado-6.1-cp35-cp35m-manylinux1_i686.whl", hash = "sha256:0d321a39c36e5f2c4ff12b4ed58d41390460f798422c4504e09eb5678e09998c"},
    {file = "tornado-6.1-cp35-cp35m-manylinux1_x86_64.whl", hash = "sha256:9de9e5188a782be6b1ce866e8a51bc76a0fbaa0e16613823fc38e4fc2556ad05"},
    {file = "tornado-6.1-cp35-cp35m-manylinux2010_i686.whl", hash = "sha256:61b32d06ae8a036a6607805e6720ef00a3c98207038444ba7fd3d169cd998910"},
    {file = "tornado-6.1-cp35-cp35m-manylinux2010_x86_64.whl", hash = "sha256:3e63498f680547ed24d2c71e6497f24bca791aca2fe116dbc2bd0ac7f191691b"},
    {file = "tornado-6.1-cp35-cp35m-manylinux2014_aarch64.whl", hash = "sha256:6c77c9937962577a6a76917845d06af6ab9197702a42e1346d8ae2e76b5e3675"},
    {file = "tornado-6.1-cp35-cp35m-win32.whl", hash = "sha256:6286efab1ed6e74b7028327365cf7346b1d777d63ab30e21a0f4d5b275fc17d5"},
    {file = "tornado-6.1-cp35-cp35m-win_amd64.whl", hash = "sha256:fa2ba70284fa42c2a5ecb35e322e68823288a4251f9ba9cc77be04ae15eada68"},
    {file = "tornado-6.1-cp36-cp36m-macosx_10_9_x86_64.whl", hash = "sha256:0a00ff4561e2929a2c37ce706cb8233b7907e0cdc22eab98888aca5dd3775feb"},
    {file = "tornado-6.1-cp36-cp36m-manylinux1_i686.whl", hash = "sha256:748290bf9112b581c525e6e6d3820621ff020ed95af6f17fedef416b27ed564c"},
    {file = "tornado-6.1-cp36-cp36m-manylinux1_x86_64.whl", hash = "sha256:e385b637ac3acaae8022e7e47dfa7b83d3620e432e3ecb9a3f7f58f150e50921"},
    {file = "tornado-6.1-cp36-cp36m-manylinux2010_i686.whl", hash = "sha256:25ad220258349a12ae87ede08a7b04aca51237721f63b1808d39bdb4b2164558"},
    {file = "tornado-6.1-cp36-cp36m-manylinux2010_x86_64.whl", hash = "sha256:65d98939f1a2e74b58839f8c4dab3b6b3c1ce84972ae712be02845e65391ac7c"},
    {file = "tornado-6.1-cp36-cp36m-manylinux2014_aarch64.whl", hash = "sha256:e519d64089b0876c7b467274468709dadf11e41d65f63bba207e04217f47c085"},
    {file = "tornado-6.1-cp36-cp36m-win32.whl", hash = "sha256:b87936fd2c317b6ee08a5741ea06b9d11a6074ef4cc42e031bc6403f82a32575"},
    {file = "tornado-6.1-cp36-cp36m-win_amd64.whl", hash = "sha256:cc0ee35043162abbf717b7df924597ade8e5395e7b66d18270116f8745ceb795"},
    {file = "tornado-6.1-cp37-cp37m-macosx_10_9_x86_64.whl", hash = "sha256:7250a3fa399f08ec9cb3f7b1b987955d17e044f1ade821b32e5f435130250d7f"},
    {file = "tornado-6.1-cp37-cp37m-manylinux1_i686.whl", hash = "sha256:ed3ad863b1b40cd1d4bd21e7498329ccaece75db5a5bf58cd3c9f130843e7102"},
    {file = "tornado-6.1-cp37-cp37m-manylinux1_x86_64.whl", hash = "sha256:dcef026f608f678c118779cd6591c8af6e9b4155c44e0d1bc0c87c036fb8c8c4"},
    {file = "tornado-6.1-cp37-cp37m-manylinux2010_i686.whl", hash = "sha256:70dec29e8ac485dbf57481baee40781c63e381bebea080991893cd297742b8fd"},
    {file = "tornado-6.1-cp37-cp37m-manylinux2010_x86_64.whl", hash = "sha256:d3f7594930c423fd9f5d1a76bee85a2c36fd8b4b16921cae7e965f22575e9c01"},
    {file = "tornado-6.1-cp37-cp37m-manylinux2014_aarch64.whl", hash = "sha256:3447475585bae2e77ecb832fc0300c3695516a47d46cefa0528181a34c5b9d3d"},
    {file = "tornado-6.1-cp37-cp37m-win32.whl", hash = "sha256:e7229e60ac41a1202444497ddde70a48d33909e484f96eb0da9baf8dc68541df"},
    {file = "tornado-6.1-cp37-cp37m-win_amd64.whl", hash = "sha256:cb5ec8eead331e3bb4ce8066cf06d2dfef1bfb1b2a73082dfe8a161301b76e37"},
    {file = "tornado-6.1-cp38-cp38-macosx_10_9_x86_64.whl", hash = "sha256:20241b3cb4f425e971cb0a8e4ffc9b0a861530ae3c52f2b0434e6c1b57e9fd95"},
    {file = "tornado-6.1-cp38-cp38-manylinux1_i686.whl", hash = "sha256:c77da1263aa361938476f04c4b6c8916001b90b2c2fdd92d8d535e1af48fba5a"},
    {file = "tornado-6.1-cp38-cp38-manylinux1_x86_64.whl", hash = "sha256:fba85b6cd9c39be262fcd23865652920832b61583de2a2ca907dbd8e8a8c81e5"},
    {file = "tornado-6.1-cp38-cp38-manylinux2010_i686.whl", hash = "sha256:1e8225a1070cd8eec59a996c43229fe8f95689cb16e552d130b9793cb570a288"},
    {file = "tornado-6.1-cp38-cp38-manylinux2010_x86_64.whl", hash = "sha256:d14d30e7f46a0476efb0deb5b61343b1526f73ebb5ed84f23dc794bdb88f9d9f"},
    {file = "tornado-6.1-cp38-cp38-manylinux2014_aarch64.whl", hash = "sha256:8f959b26f2634a091bb42241c3ed8d3cedb506e7c27b8dd5c7b9f745318ddbb6"},
    {file = "tornado-6.1-cp38-cp38-win32.whl", hash = "sha256:34ca2dac9e4d7afb0bed4677512e36a52f09caa6fded70b4e3e1c89dbd92c326"},
    {file = "tornado-6.1-cp38-cp38-win_amd64.whl", hash = "sha256:6196a5c39286cc37c024cd78834fb9345e464525d8991c21e908cc046d1cc02c"},
    {file = "tornado-6.1-cp39-cp39-macosx_10_9_x86_64.whl", hash = "sha256:f0ba29bafd8e7e22920567ce0d232c26d4d47c8b5cf4ed7b562b5db39fa199c5"},
    {file = "tornado-6.1-cp39-cp39-manylinux1_i686.whl", hash = "sha256:33892118b165401f291070100d6d09359ca74addda679b60390b09f8ef325ffe"},
    {file = "tornado-6.1-cp39-cp39-manylinux1_x86_64.whl", hash = "sha256:7da13da6f985aab7f6f28debab00c67ff9cbacd588e8477034c0652ac141feea"},
    {file = "tornado-6.1-cp39-cp39-manylinux2010_i686.whl", hash = "sha256:e0791ac58d91ac58f694d8d2957884df8e4e2f6687cdf367ef7eb7497f79eaa2"},
    {file = "tornado-6.1-cp39-cp39-manylinux2010_x86_64.whl", hash = "sha256:66324e4e1beede9ac79e60f88de548da58b1f8ab4b2f1354d8375774f997e6c0"},
    {file = "tornado-6.1-cp39-cp39-manylinux2014_aarch64.whl", hash = "sha256:a48900ecea1cbb71b8c71c620dee15b62f85f7c14189bdeee54966fbd9a0c5bd"},
    {file = "tornado-6.1-cp39-cp39-win32.whl", hash = "sha256:d3d20ea5782ba63ed13bc2b8c291a053c8d807a8fa927d941bd718468f7b950c"},
    {file = "tornado-6.1-cp39-cp39-win_amd64.whl", hash = "sha256:548430be2740e327b3fe0201abe471f314741efcb0067ec4f2d7dcfb4825f3e4"},
    {file = "tornado-6.1.tar.gz", hash = "sha256:33c6e81d7bd55b468d2e793517c909b139960b6c790a60b7991b9b6b76fb9791"},
]
